
Microsoft Visual Studio Solution File, Format Version 12.00
# Visual Studio Version 17
VisualStudioVersion = 17.4.33103.184
MinimumVisualStudioVersion = 10.0.40219.1
Project("{9A19103F-16F7-4668-BE54-9A1E7A4F7556}") = "WebApp3", "WebApp3\WebApp3.csproj", "{FD14C826-96EE-4C19-B265-1E8F47E03343}"
EndProject
Global
	GlobalSection(SolutionConfigurationPlatforms) = preSolution
		Debug|Any CPU = Debug|Any CPU
		Release|Any CPU = Release|Any CPU
	EndGlobalSection
	GlobalSection(ProjectConfigurationPlatforms) = postSolution
		{FD14C826-96EE-4C19-B265-1E8F47E03343}.Debug|Any CPU.ActiveCfg = Debug|Any CPU
		{FD14C826-96EE-4C19-B265-1E8F47E03343}.Debug|Any CPU.Build.0 = Debug|Any CPU
		{FD14C826-96EE-4C19-B265-1E8F47E03343}.Release|Any CPU.ActiveCfg = Release|Any CPU
		{FD14C826-96EE-4C19-B265-1E8F47E03343}.Release|Any CPU.Build.0 = Release|Any CPU
	EndGlobalSection
	GlobalSection(SolutionProperties) = preSolution
		HideSolutionNode = FALSE
	EndGlobalSection
	GlobalSection(ExtensibilityGlobals) = postSolution
		SolutionGuid = {E706A94E-7D0B-456A-AB71-0E1FD43C048B}
	EndGlobalSection
EndGlobal
